
Microsoft Visual Studio Solution File, Format Version 12.00
# Visual Studio 15
VisualStudioVersion = 15.0.27130.2010
MinimumVisualStudioVersion = 10.0.40219.1
Project("{FAE04EC0-301F-11D3-BF4B-00C04F79EFBC}") = "Main Form", "Main Form\Main Form.csproj", "{5FFF52E9-1DC8-4BDD-90EE-7CFEB5B96FD5}"
	ProjectSection(ProjectDependencies) = postProject
		{ECD27720-E424-454C-A4BE-42CB7B39E150} = {ECD27720-E424-454C-A4BE-42CB7B39E150}
	EndProjectSection
EndProject
Project("{FAE04EC0-301F-11D3-BF4B-00C04F79EFBC}") = "Major CRUD Operations Form", "Major CRUD Operations Form\Major CRUD Operations Form.csproj", "{027EA279-09ED-493E-94E8-D0C1F2054540}"
EndProject
Project("{FAE04EC0-301F-11D3-BF4B-00C04F79EFBC}") = "Student CRUD Operations Form", "Student CRUD Operations Form\Student CRUD Operations Form.csproj", "{61E46DFD-5EBE-4FAC-876B-CA474D348AB0}"
EndProject
Project("{FAE04EC0-301F-11D3-BF4B-00C04F79EFBC}") = "RegistrationEntityModel", "RegistrationEntityModel\RegistrationEntityModel.csproj", "{3FE48654-A8FF-4820-95F2-764D669C6B7B}"
EndProject
Project("{FAE04EC0-301F-11D3-BF4B-00C04F79EFBC}") = "Enrollment CRUD Form", "Enrollment CRUD Form\Enrollment CRUD Form.csproj", "{60E17E57-6658-4060-B941-D788905DC6F1}"
EndProject
Project("{FAE04EC0-301F-11D3-BF4B-00C04F79EFBC}") = "Section Filtering Form", "Section Filtering Form\Section Filtering Form.csproj", "{C55CD495-F1D5-455E-A851-BABBAE8FB819}"
EndProject
Project("{FAE04EC0-301F-11D3-BF4B-00C04F79EFBC}") = "Enrollment Filtering Form", "Enrollment Filtering Form\Enrollment Filtering Form.csproj", "{C54D9CC0-0083-4F46-9418-1C636895CC1A}"
EndProject
Project("{FAE04EC0-301F-11D3-BF4B-00C04F79EFBC}") = "Faculty CRUD Form", "Faculty CRUD Form\Faculty CRUD Form.csproj", "{5FD668E8-CFE8-4512-884A-72AD8A37BFD9}"
EndProject
Project("{00D1A9C2-B5F0-4AF3-8072-F6C62B433612}") = "Registration", "Registration\Registration.sqlproj", "{66F34F32-7EAE-4F7A-87DA-DAD45D06EF0A}"
EndProject
Project("{FAE04EC0-301F-11D3-BF4B-00C04F79EFBC}") = "Course CRUD Form", "Course CRUD Form\Course CRUD Form.csproj", "{ECD27720-E424-454C-A4BE-42CB7B39E150}"
EndProject
Project("{FAE04EC0-301F-11D3-BF4B-00C04F79EFBC}") = "Section CRUD Form", "Section CRUD Form\Section CRUD Form.csproj", "{D575D179-0124-445F-BCEB-5DBE6476003B}"
EndProject
Project("{FAE04EC0-301F-11D3-BF4B-00C04F79EFBC}") = "Student Filtering By Major Form", "Student Filtering By Major Form\Student Filtering By Major Form.csproj", "{5AF2B285-EBC6-4728-BAFE-5983AAAFDFB5}"
EndProject
Global
	GlobalSection(SolutionConfigurationPlatforms) = preSolution
		Debug|Any CPU = Debug|Any CPU
		Release|Any CPU = Release|Any CPU
	EndGlobalSection
	GlobalSection(ProjectConfigurationPlatforms) = postSolution
		{5FFF52E9-1DC8-4BDD-90EE-7CFEB5B96FD5}.Debug|Any CPU.ActiveCfg = Debug|Any CPU
		{5FFF52E9-1DC8-4BDD-90EE-7CFEB5B96FD5}.Debug|Any CPU.Build.0 = Debug|Any CPU
		{5FFF52E9-1DC8-4BDD-90EE-7CFEB5B96FD5}.Release|Any CPU.ActiveCfg = Release|Any CPU
		{5FFF52E9-1DC8-4BDD-90EE-7CFEB5B96FD5}.Release|Any CPU.Build.0 = Release|Any CPU
		{027EA279-09ED-493E-94E8-D0C1F2054540}.Debug|Any CPU.ActiveCfg = Debug|Any CPU
		{027EA279-09ED-493E-94E8-D0C1F2054540}.Debug|Any CPU.Build.0 = Debug|Any CPU
		{027EA279-09ED-493E-94E8-D0C1F2054540}.Release|Any CPU.ActiveCfg = Release|Any CPU
		{027EA279-09ED-493E-94E8-D0C1F2054540}.Release|Any CPU.Build.0 = Release|Any CPU
		{61E46DFD-5EBE-4FAC-876B-CA474D348AB0}.Debug|Any CPU.ActiveCfg = Debug|Any CPU
		{61E46DFD-5EBE-4FAC-876B-CA474D348AB0}.Debug|Any CPU.Build.0 = Debug|Any CPU
		{61E46DFD-5EBE-4FAC-876B-CA474D348AB0}.Release|Any CPU.ActiveCfg = Release|Any CPU
		{61E46DFD-5EBE-4FAC-876B-CA474D348AB0}.Release|Any CPU.Build.0 = Release|Any CPU
		{3FE48654-A8FF-4820-95F2-764D669C6B7B}.Debug|Any CPU.ActiveCfg = Debug|Any CPU
		{3FE48654-A8FF-4820-95F2-764D669C6B7B}.Debug|Any CPU.Build.0 = Debug|Any CPU
		{3FE48654-A8FF-4820-95F2-764D669C6B7B}.Release|Any CPU.ActiveCfg = Release|Any CPU
		{3FE48654-A8FF-4820-95F2-764D669C6B7B}.Release|Any CPU.Build.0 = Release|Any CPU
		{60E17E57-6658-4060-B941-D788905DC6F1}.Debug|Any CPU.ActiveCfg = Debug|Any CPU
		{60E17E57-6658-4060-B941-D788905DC6F1}.Debug|Any CPU.Build.0 = Debug|Any CPU
		{60E17E57-6658-4060-B941-D788905DC6F1}.Release|Any CPU.ActiveCfg = Release|Any CPU
		{60E17E57-6658-4060-B941-D788905DC6F1}.Release|Any CPU.Build.0 = Release|Any CPU
		{C55CD495-F1D5-455E-A851-BABBAE8FB819}.Debug|Any CPU.ActiveCfg = Debug|Any CPU
		{C55CD495-F1D5-455E-A851-BABBAE8FB819}.Debug|Any CPU.Build.0 = Debug|Any CPU
		{C55CD495-F1D5-455E-A851-BABBAE8FB819}.Release|Any CPU.ActiveCfg = Release|Any CPU
		{C55CD495-F1D5-455E-A851-BABBAE8FB819}.Release|Any CPU.Build.0 = Release|Any CPU
		{C54D9CC0-0083-4F46-9418-1C636895CC1A}.Debug|Any CPU.ActiveCfg = Debug|Any CPU
		{C54D9CC0-0083-4F46-9418-1C636895CC1A}.Debug|Any CPU.Build.0 = Debug|Any CPU
		{C54D9CC0-0083-4F46-9418-1C636895CC1A}.Release|Any CPU.ActiveCfg = Release|Any CPU
		{C54D9CC0-0083-4F46-9418-1C636895CC1A}.Release|Any CPU.Build.0 = Release|Any CPU
		{5FD668E8-CFE8-4512-884A-72AD8A37BFD9}.Debug|Any CPU.ActiveCfg = Debug|Any CPU
		{5FD668E8-CFE8-4512-884A-72AD8A37BFD9}.Debug|Any CPU.Build.0 = Debug|Any CPU
		{5FD668E8-CFE8-4512-884A-72AD8A37BFD9}.Release|Any CPU.ActiveCfg = Release|Any CPU
		{5FD668E8-CFE8-4512-884A-72AD8A37BFD9}.Release|Any CPU.Build.0 = Release|Any CPU
		{66F34F32-7EAE-4F7A-87DA-DAD45D06EF0A}.Debug|Any CPU.ActiveCfg = Debug|Any CPU
		{66F34F32-7EAE-4F7A-87DA-DAD45D06EF0A}.Debug|Any CPU.Build.0 = Debug|Any CPU
		{66F34F32-7EAE-4F7A-87DA-DAD45D06EF0A}.Debug|Any CPU.Deploy.0 = Debug|Any CPU
		{66F34F32-7EAE-4F7A-87DA-DAD45D06EF0A}.Release|Any CPU.ActiveCfg = Release|Any CPU
		{66F34F32-7EAE-4F7A-87DA-DAD45D06EF0A}.Release|Any CPU.Build.0 = Release|Any CPU
		{66F34F32-7EAE-4F7A-87DA-DAD45D06EF0A}.Release|Any CPU.Deploy.0 = Release|Any CPU
		{ECD27720-E424-454C-A4BE-42CB7B39E150}.Debug|Any CPU.ActiveCfg = Debug|Any CPU
		{ECD27720-E424-454C-A4BE-42CB7B39E150}.Debug|Any CPU.Build.0 = Debug|Any CPU
		{ECD27720-E424-454C-A4BE-42CB7B39E150}.Release|Any CPU.ActiveCfg = Release|Any CPU
		{ECD27720-E424-454C-A4BE-42CB7B39E150}.Release|Any CPU.Build.0 = Release|Any CPU
		{D575D179-0124-445F-BCEB-5DBE6476003B}.Debug|Any CPU.ActiveCfg = Debug|Any CPU
		{D575D179-0124-445F-BCEB-5DBE6476003B}.Debug|Any CPU.Build.0 = Debug|Any CPU
		{D575D179-0124-445F-BCEB-5DBE6476003B}.Release|Any CPU.ActiveCfg = Release|Any CPU
		{D575D179-0124-445F-BCEB-5DBE6476003B}.Release|Any CPU.Build.0 = Release|Any CPU
		{5AF2B285-EBC6-4728-BAFE-5983AAAFDFB5}.Debug|Any CPU.ActiveCfg = Debug|Any CPU
		{5AF2B285-EBC6-4728-BAFE-5983AAAFDFB5}.Debug|Any CPU.Build.0 = Debug|Any CPU
		{5AF2B285-EBC6-4728-BAFE-5983AAAFDFB5}.Release|Any CPU.ActiveCfg = Release|Any CPU
		{5AF2B285-EBC6-4728-BAFE-5983AAAFDFB5}.Release|Any CPU.Build.0 = Release|Any CPU
	EndGlobalSection
	GlobalSection(SolutionProperties) = preSolution
		HideSolutionNode = FALSE
	EndGlobalSection
	GlobalSection(ExtensibilityGlobals) = postSolution
		SolutionGuid = {9176B218-3A96-4F90-83D7-BB6A54F9384E}
	EndGlobalSection
EndGlobal
